
Microsoft Visual Studio Solution File, Format Version 12.00
# Visual Studio Version 17
VisualStudioVersion = 17.11.35219.272
MinimumVisualStudioVersion = 10.0.40219.1
Project("{FAE04EC0-301F-11D3-BF4B-00C04F79EFBC}") = "Trophy_Tracker_Console_Application", "Trophy_Tracker_Console_Application\Trophy_Tracker_Console_Application.csproj", "{ED132378-D1DE-4D15-AB12-171ECB13C331}"
EndProject
Global
	GlobalSection(SolutionConfigurationPlatforms) = preSolution
		Debug|Any CPU = Debug|Any CPU
		Release|Any CPU = Release|Any CPU
	EndGlobalSection
	GlobalSection(ProjectConfigurationPlatforms) = postSolution
		{ED132378-D1DE-4D15-AB12-171ECB13C331}.Debug|Any CPU.ActiveCfg = Debug|Any CPU
		{ED132378-D1DE-4D15-AB12-171ECB13C331}.Debug|Any CPU.Build.0 = Debug|Any CPU
		{ED132378-D1DE-4D15-AB12-171ECB13C331}.Release|Any CPU.ActiveCfg = Release|Any CPU
		{ED132378-D1DE-4D15-AB12-171ECB13C331}.Release|Any CPU.Build.0 = Release|Any CPU
	EndGlobalSection
	GlobalSection(SolutionProperties) = preSolution
		HideSolutionNode = FALSE
	EndGlobalSection
	GlobalSection(ExtensibilityGlobals) = postSolution
		SolutionGuid = {39BE8DC0-5EB8-4BDE-B101-7D056731A6CB}
	EndGlobalSection
EndGlobal
